{
  "lockfileVersion": 1,
  "workspaces": {
    "": {
      "dependencies": {
        "argon2": "^0.43.0",
      },
    },
  },
  "packages": {
    "@phc/format": ["@phc/format@1.0.0", "", {}, "sha512-m7X9U6BG2+J+R1lSOdCiITLLrxm+cWlNI3HUFA92oLO77ObGNzaKdh8pMLqdZcshtkKuV84olNNXDfMc4FezBQ=="],

    "argon2": ["argon2@0.43.0", "", { "dependencies": { "@phc/format": "^1.0.0", "node-addon-api": "^8.3.1", "node-gyp-build": "^4.8.4" } }, "sha512-u/HKLcbWShVDhkfwI4hWyiUf3qyX8QhTfaIv2cWE18uqhXCmR5hb6Ed7oqYi2KCQegeAnRhiFzbjzm7i5yl1GA=="],

    "node-addon-api": ["node-addon-api@8.3.1", "", {}, "sha512-lytcDEdxKjGJPTLEfW4mYMigRezMlyJY8W4wxJK8zE533Jlb8L8dRuObJFWg2P+AuOIxoCgKF+2Oq4d4Zd0OUA=="],

    "node-gyp-build": ["node-gyp-build@4.8.4", "", { "bin": { "node-gyp-build": "bin.js", "node-gyp-build-optional": "optional.js", "node-gyp-build-test": "build-test.js" } }, "sha512-LA4ZjwlnUblHVgq0oBF3Jl/6h/Nvs5fzBLwdEF4nuxnFdsfajde4WfxtJr3CaiH+F6ewcIB/q4jQ4UzPyid+CQ=="],
  }
}
